
Microsoft Visual Studio Solution File, Format Version 12.00
# Visual Studio Version 16
VisualStudioVersion = 16.0.30517.126
MinimumVisualStudioVersion = 10.0.40219.1
Project("{FAE04EC0-301F-11D3-BF4B-00C04F79EFBC}") = "Nyous.API.NoSQL", "Nyous.API.NoSQL.csproj", "{1895E31A-6ECF-4F1D-88C8-AF143C246B98}"
EndProject
Global
	GlobalSection(SolutionConfigurationPlatforms) = preSolution
		Debug|Any CPU = Debug|Any CPU
		Release|Any CPU = Release|Any CPU
	EndGlobalSection
	GlobalSection(ProjectConfigurationPlatforms) = postSolution
		{1895E31A-6ECF-4F1D-88C8-AF143C246B98}.Debug|Any CPU.ActiveCfg = Debug|Any CPU
		{1895E31A-6ECF-4F1D-88C8-AF143C246B98}.Debug|Any CPU.Build.0 = Debug|Any CPU
		{1895E31A-6ECF-4F1D-88C8-AF143C246B98}.Release|Any CPU.ActiveCfg = Release|Any CPU
		{1895E31A-6ECF-4F1D-88C8-AF143C246B98}.Release|Any CPU.Build.0 = Release|Any CPU
	EndGlobalSection
	GlobalSection(SolutionProperties) = preSolution
		HideSolutionNode = FALSE
	EndGlobalSection
	GlobalSection(ExtensibilityGlobals) = postSolution
		SolutionGuid = {A60C138B-F7F8-4428-B1A5-93805B8015FE}
	EndGlobalSection
EndGlobal
